
Microsoft Visual Studio Solution File, Format Version 12.00
# Visual Studio Version 16
VisualStudioVersion = 16.0.31624.102
MinimumVisualStudioVersion = 10.0.40219.1
Project("{FAE04EC0-301F-11D3-BF4B-00C04F79EFBC}") = "ConsoleApp1", "ConsoleApp1\ConsoleApp1.csproj", "{965BAB08-21EE-4AEB-BB02-EAD2A7ED2DBB}"
EndProject
Global
	GlobalSection(SolutionConfigurationPlatforms) = preSolution
		Debug|Any CPU = Debug|Any CPU
		Release|Any CPU = Release|Any CPU
	EndGlobalSection
	GlobalSection(ProjectConfigurationPlatforms) = postSolution
		{965BAB08-21EE-4AEB-BB02-EAD2A7ED2DBB}.Debug|Any CPU.ActiveCfg = Debug|Any CPU
		{965BAB08-21EE-4AEB-BB02-EAD2A7ED2DBB}.Debug|Any CPU.Build.0 = Debug|Any CPU
		{965BAB08-21EE-4AEB-BB02-EAD2A7ED2DBB}.Release|Any CPU.ActiveCfg = Release|Any CPU
		{965BAB08-21EE-4AEB-BB02-EAD2A7ED2DBB}.Release|Any CPU.Build.0 = Release|Any CPU
	EndGlobalSection
	GlobalSection(SolutionProperties) = preSolution
		HideSolutionNode = FALSE
	EndGlobalSection
	GlobalSection(ExtensibilityGlobals) = postSolution
		SolutionGuid = {48F679F4-9EDE-4AEA-ADFE-91A46015599C}
	EndGlobalSection
EndGlobal
